
Microsoft Visual Studio Solution File, Format Version 12.00
# Visual Studio Version 17
VisualStudioVersion = 17.0.32112.339
MinimumVisualStudioVersion = 10.0.40219.1
Project("{FAE04EC0-301F-11D3-BF4B-00C04F79EFBC}") = "CSC260-Final", "CSC260-Final.csproj", "{7DF2DC58-10AD-4C61-9C4B-CA3A92037AF5}"
EndProject
Global
	GlobalSection(SolutionConfigurationPlatforms) = preSolution
		Debug|Any CPU = Debug|Any CPU
		Release|Any CPU = Release|Any CPU
	EndGlobalSection
	GlobalSection(ProjectConfigurationPlatforms) = postSolution
		{7DF2DC58-10AD-4C61-9C4B-CA3A92037AF5}.Debug|Any CPU.ActiveCfg = Debug|Any CPU
		{7DF2DC58-10AD-4C61-9C4B-CA3A92037AF5}.Debug|Any CPU.Build.0 = Debug|Any CPU
		{7DF2DC58-10AD-4C61-9C4B-CA3A92037AF5}.Release|Any CPU.ActiveCfg = Release|Any CPU
		{7DF2DC58-10AD-4C61-9C4B-CA3A92037AF5}.Release|Any CPU.Build.0 = Release|Any CPU
	EndGlobalSection
	GlobalSection(SolutionProperties) = preSolution
		HideSolutionNode = FALSE
	EndGlobalSection
	GlobalSection(ExtensibilityGlobals) = postSolution
		SolutionGuid = {C2A0CAFC-6CEB-4E14-B95F-F9A5CE067161}
	EndGlobalSection
EndGlobal
